// !$*UTF8*$!
{
	archiveVersion = 1;
	classes = {
	};
	objectVersion = 46;
	objects = {

/* Begin PBXBuildFile section */
		6973EA5B1BCEB91E003C57D7 /* AppDelegate.swift in Sources */ = {isa = PBXBuildFile; fileRef = 6973EA5A1BCEB91E003C57D7 /* AppDelegate.swift */; };
		6973EA5D1BCEB91E003C57D7 /* ViewController.swift in Sources */ = {isa = PBXBuildFile; fileRef = 6973EA5C1BCEB91E003C57D7 /* ViewController.swift */; };
		6973EA601BCEB91E003C57D7 /* Main.storyboard in Resources */ = {isa = PBXBuildFile; fileRef = 6973EA5E1BCEB91E003C57D7 /* Main.storyboard */; };
		6973EA621BCEB91E003C57D7 /* Assets.xcassets in Resources */ = {isa = PBXBuildFile; fileRef = 6973EA611BCEB91E003C57D7 /* Assets.xcassets */; };
		6973EA651BCEB91E003C57D7 /* LaunchScreen.storyboard in Resources */ = {isa = PBXBuildFile; fileRef = 6973EA631BCEB91E003C57D7 /* LaunchScreen.storyboard */; };
		6973EA6D1BCEBE45003C57D7 /* Datos.swift in Sources */ = {isa = PBXBuildFile; fileRef = 6973EA6C1BCEBE44003C57D7 /* Datos.swift */; settings = {ASSET_TAGS = (); }; };
/* End PBXBuildFile section */

/* Begin PBXFileReference section */
		6973EA571BCEB91E003C57D7 /* Hamburguesas.app */ = {isa = PBXFileReference; explicitFileType = wrapper.application; includeInIndex = 0; path = Hamburguesas.app; sourceTree = BUILT_PRODUCTS_DIR; };
		6973EA5A1BCEB91E003C57D7 /* AppDelegate.swift */ = {isa = PBXFileReference; lastKnownFileType = sourcecode.swift; path = AppDelegate.swift; sourceTree = "<group>"; };
		6973EA5C1BCEB91E003C57D7 /* ViewController.swift */ = {isa = PBXFileReference; lastKnownFileType = sourcecode.swift; path = ViewController.swift; sourceTree = "<group>"; };
		6973EA5F1BCEB91E003C57D7 /* Base */ = {isa = PBXFileReference; lastKnownFileType = file.storyboard; name = Base; path = Base.lproj/Main.storyboard; sourceTree = "<group>"; };
		6973EA611BCEB91E003C57D7 /* Assets.xcassets */ = {isa = PBXFileReference; lastKnownFileType = folder.assetcatalog; path = Assets.xcassets; sourceTree = "<group>"; };
		6973EA641BCEB91E003C57D7 /* Base */ = {isa = PBXFileReference; lastKnownFileType = file.storyboard; name = Base; path = Base.lproj/LaunchScreen.storyboard; sourceTree = "<group>"; };
		6973EA661BCEB91E003C57D7 /* Info.plist */ = {isa = PBXFileReference; lastKnownFileType = text.plist.xml; path = Info.plist; sourceTree = "<group>"; };
		6973EA6C1BCEBE44003C57D7 /* Datos.swift */ = {isa = PBXFileReference; fileEncoding = 4; lastKnownFileType = sourcecode.swift; path = Datos.swift; sourceTree = "<group>"; };
/* End PBXFileReference section */

/* Begin PBXFrameworksBuildPhase section */
		6973EA541BCEB91E003C57D7 /* Frameworks */ = {
			isa = PBXFrameworksBuildPhase;
			buildActionMask = 2147483647;
			files = (
			);
			runOnlyForDeploymentPostprocessing = 0;
		};
/* End PBXFrameworksBuildPhase section */

/* Begin PBXGroup section */
		6973EA4E1BCEB91E003C57D7 = {
			isa = PBXGroup;
			children = (
				6973EA591BCEB91E003C57D7 /* Hamburguesas */,
				6973EA581BCEB91E003C57D7 /* Products */,
			);
			sourceTree = "<group>";
		};
		6973EA581BCEB91E003C57D7 /* Products */ = {
			isa = PBXGroup;
			children = (
				6973EA571BCEB91E003C57D7 /* Hamburguesas.app */,
			);
			name = Products;
			sourceTree = "<group>";
		};
		6973EA591BCEB91E003C57D7 /* Hamburguesas */ = {
			isa = PBXGroup;
			children = (
				6973EA5A1BCEB91E003C57D7 /* AppDelegate.swift */,
				6973EA5C1BCEB91E003C57D7 /* ViewController.swift */,
				6973EA5E1BCEB91E003C57D7 /* Main.storyboard */,
				6973EA611BCEB91E003C57D7 /* Assets.xcassets */,
				6973EA631BCEB91E003C57D7 /* LaunchScreen.storyboard */,
				6973EA661BCEB91E003C57D7 /* Info.plist */,
				6973EA6C1BCEBE44003C57D7 /* Datos.swift */,
			);
			path = Hamburguesas;
			sourceTree = "<group>";
		};
/* End PBXGroup section */

/* Begin PBXNativeTarget section */
		6973EA561BCEB91E003C57D7 /* Hamburguesas */ = {
			isa = PBXNativeTarget;
			buildConfigurationList = 6973EA691BCEB91E003C57D7 /* Build configuration list for PBXNativeTarget "Hamburguesas" */;
			buildPhases = (
				6973EA531BCEB91E003C57D7 /* Sources */,
				6973EA541BCEB91E003C57D7 /* Frameworks */,
				6973EA551BCEB91E003C57D7 /* Resources */,
			);
			buildRules = (
			);
			dependencies = (
			);
			name = Hamburguesas;
			productName = Hamburguesas;
			productReference = 6973EA571BCEB91E003C57D7 /* Hamburguesas.app */;
			productType = "com.apple.product-type.application";
		};
/* End PBXNativeTarget section */

/* Begin PBXProject section */
		6973EA4F1BCEB91E003C57D7 /* Project object */ = {
			isa = PBXProject;
			attributes = {
				LastUpgradeCheck = 0700;
				ORGANIZATIONNAME = "Juan Diego Merino";
				TargetAttributes = {
					6973EA561BCEB91E003C57D7 = {
						CreatedOnToolsVersion = 7.0.1;
						DevelopmentTeam = ZVWMV4KF63;
					};
				};
			};
			buildConfigurationList = 6973EA521BCEB91E003C57D7 /* Build configuration list for PBXProject "Hamburguesas" */;
			compatibilityVersion = "Xcode 3.2";
			developmentRegion = English;
			hasScannedForEncodings = 0;
			knownRegions = (
				en,
				Base,
			);
			mainGroup = 6973EA4E1BCEB91E003C57D7;
			productRefGroup = 6973EA581BCEB91E003C57D7 /* Products */;
			projectDirPath = "";
			projectRoot = "";
			targets = (
				6973EA561BCEB91E003C57D7 /* Hamburguesas */,
			);
		};
/* End PBXProject section */

/* Begin PBXResourcesBuildPhase section */
		6973EA551BCEB91E003C57D7 /* Resources */ = {
			isa = PBXResourcesBuildPhase;
			buildActionMask = 2147483647;
			files = (
				6973EA651BCEB91E003C57D7 /* LaunchScreen.storyboard in Resources */,
				6973EA621BCEB91E003C57D7 /* Assets.xcassets in Resources */,
				6973EA601BCEB91E003C57D7 /* Main.storyboard in Resources */,
			);
			runOnlyForDeploymentPostprocessing = 0;
		};
/* End PBXResourcesBuildPhase section */

/* Begin PBXSourcesBuildPhase section */
		6973EA531BCEB91E003C57D7 /* Sources */ = {
			isa = PBXSourcesBuildPhase;
			buildActionMask = 2147483647;
			files = (
				6973EA5D1BCEB91E003C57D7 /* ViewController.swift in Sources */,
				6973EA5B1BCEB91E003C57D7 /* AppDelegate.swift in Sources */,
				6973EA6D1BCEBE45003C57D7 /* Datos.swift in Sources */,
			);
			runOnlyForDeploymentPostprocessing = 0;
		};
/* End PBXSourcesBuildPhase section */

/* Begin PBXVariantGroup section */
		6973EA5E1BCEB91E003C57D7 /* Main.storyboard */ = {
			isa = PBXVariantGroup;
			children = (
				6973EA5F1BCEB91E003C57D7 /* Base */,
			);
			name = Main.storyboard;
			sourceTree = "<group>";
		};
		6973EA631BCEB91E003C57D7 /* LaunchScreen.storyboard */ = {
			isa = PBXVariantGroup;
			children = (
				6973EA641BCEB91E003C57D7 /* Base */,
			);
			name = LaunchScreen.storyboard;
			sourceTree = "<group>";
		};
/* End PBXVariantGroup section */

/* Begin XCBuildConfiguration section */
		6973EA671BCEB91E003C57D7 /* Debug */ = {
			isa = XCBuildConfiguration;
			buildSettings = {
				ALWAYS_SEARCH_USER_PATHS = NO;
				CLANG_CXX_LANGUAGE_STANDARD = "gnu++0x";
				CLANG_CXX_LIBRARY = "libc++";
				CLANG_ENABLE_MODULES = YES;
				CLANG_ENABLE_OBJC_ARC = YES;
				CLANG_WARN_BOOL_CONVERSION = YES;
				CLANG_WARN_CONSTANT_CONVERSION = YES;
				CLANG_WARN_DIRECT_OBJC_ISA_USAGE = YES_ERROR;
				CLANG_WARN_EMPTY_BODY = YES;
				CLANG_WARN_ENUM_CONVERSION = YES;
				CLANG_WARN_INT_CONVERSION = YES;
				CLANG_WARN_OBJC_ROOT_CLASS = YES_ERROR;
				CLANG_WARN_UNREACHABLE_CODE = YES;
				CLANG_WARN__DUPLICATE_METHOD_MATCH = YES;
				"CODE_SIGN_IDENTITY[sdk=iphoneos*]" = "iPhone Developer";
				COPY_PHASE_STRIP = NO;
				DEBUG_INFORMATION_FORMAT = dwarf;
				ENABLE_STRICT_OBJC_MSGSEND = YES;
				ENABLE_TESTABILITY = YES;
				GCC_C_LANGUAGE_STANDARD = gnu99;
				GCC_DYNAMIC_NO_PIC = NO;
				GCC_NO_COMMON_BLOCKS = YES;
				GCC_OPTIMIZATION_LEVEL = 0;
				GCC_PREPROCESSOR_DEFINITIONS = (
					"DEBUG=1",
					"$(inherited)",
				);
				GCC_WARN_64_TO_32_BIT_CONVERSION = YES;
				GCC_WARN_ABOUT_RETURN_TYPE = YES_ERROR;
				GCC_WARN_UNDECLARED_SELECTOR = YES;
				GCC_WARN_UNINITIALIZED_AUTOS = YES_AGGRESSIVE;
				GCC_WARN_UNUSED_FUNCTION = YES;
				GCC_WARN_UNUSED_VARIABLE = YES;
				IPHONEOS_DEPLOYMENT_TARGET = 9.0;
				MTL_ENABLE_DEBUG_INFO = YES;
				ONLY_ACTIVE_ARCH = YES;
				SDKROOT = iphoneos;
				SWIFT_OPTIMIZATION_LEVEL = "-Onone";
			};
			name = Debug;
		};
		6973EA681BCEB91E003C57D7 /* Release */ = {
			isa = XCBuildConfiguration;
			buildSettings = {
				ALWAYS_SEARCH_USER_PATHS = NO;
				CLANG_CXX_LANGUAGE_STANDARD = "gnu++0x";
				CLANG_CXX_LIBRARY = "libc++";
				CLANG_ENABLE_MODULES = YES;
				CLANG_ENABLE_OBJC_ARC = YES;
				CLANG_WARN_BOOL_CONVERSION = YES;
				CLANG_WARN_CONSTANT_CONVERSION = YES;
				CLANG_WARN_DIRECT_OBJC_ISA_USAGE = YES_ERROR;
				CLANG_WARN_EMPTY_BODY = YES;
				CLANG_WARN_ENUM_CONVERSION = YES;
				CLANG_WARN_INT_CONVERSION = YES;
				CLANG_WARN_OBJC_ROOT_CLASS = YES_ERROR;
				CLANG_WARN_UNREACHABLE_CODE = YES;
				CLANG_WARN__DUPLICATE_METHOD_MATCH = YES;
				"CODE_SIGN_IDENTITY[sdk=iphoneos*]" = "iPhone Developer";
				COPY_PHASE_STRIP = NO;
				DEBUG_INFORMATION_FORMAT = "dwarf-with-dsym";
				ENABLE_NS_ASSERTIONS = NO;
				ENABLE_STRICT_OBJC_MSGSEND = YES;
				GCC_C_LANGUAGE_STANDARD = gnu99;
				GCC_NO_COMMON_BLOCKS = YES;
				GCC_WARN_64_TO_32_BIT_CONVERSION = YES;
				GCC_WARN_ABOUT_RETURN_TYPE = YES_ERROR;
				GCC_WARN_UNDECLARED_SELECTOR = YES;
				GCC_WARN_UNINITIALIZED_AUTOS = YES_AGGRESSIVE;
				GCC_WARN_UNUSED_FUNCTION = YES;
				GCC_WARN_UNUSED_VARIABLE = YES;
				IPHONEOS_DEPLOYMENT_TARGET = 9.0;
				MTL_ENABLE_DEBUG_INFO = NO;
				SDKROOT = iphoneos;
				VALIDATE_PRODUCT = YES;
			};
			name = Release;
		};
		6973EA6A1BCEB91E003C57D7 /* Debug */ = {
			isa = XCBuildConfiguration;
			buildSettings = {
				ASSETCATALOG_COMPILER_APPICON_NAME = AppIcon;
				CODE_SIGN_IDENTITY = "iPhone Developer";
				INFOPLIST_FILE = Hamburguesas/Info.plist;
				LD_RUNPATH_SEARCH_PATHS = "$(inherited) @executable_path/Frameworks";
				PRODUCT_BUNDLE_IDENTIFIER = "jdmerinor-unal.edu.co.Hamburguesas";
				PRODUCT_NAME = "$(TARGET_NAME)";
			};
			name = Debug;
		};
		6973EA6B1BCEB91E003C57D7 /* Release */ = {
			isa = XCBuildConfiguration;
			buildSettings = {
				ASSETCATALOG_COMPILER_APPICON_NAME = AppIcon;
				CODE_SIGN_IDENTITY = "iPhone Developer";
				INFOPLIST_FILE = Hamburguesas/Info.plist;
				LD_RUNPATH_SEARCH_PATHS = "$(inherited) @executable_path/Frameworks";
				PRODUCT_BUNDLE_IDENTIFIER = "jdmerinor-unal.edu.co.Hamburguesas";
				PRODUCT_NAME = "$(TARGET_NAME)";
			};
			name = Release;
		};
/* End XCBuildConfiguration section */

/* Begin XCConfigurationList section */
		6973EA521BCEB91E003C57D7 /* Build configuration list for PBXProject "Hamburguesas" */ = {
			isa = XCConfigurationList;
			buildConfigurations = (
				6973EA671BCEB91E003C57D7 /* Debug */,
				6973EA681BCEB91E003C57D7 /* Release */,
			);
			defaultConfigurationIsVisible = 0;
			defaultConfigurationName = Release;
		};
		6973EA691BCEB91E003C57D7 /* Build configuration list for PBXNativeTarget "Hamburguesas" */ = {
			isa = XCConfigurationList;
			buildConfigurations = (
				6973EA6A1BCEB91E003C57D7 /* Debug */,
				6973EA6B1BCEB91E003C57D7 /* Release */,
			);
			defaultConfigurationIsVisible = 0;
		};
/* End XCConfigurationList section */
	};
	rootObject = 6973EA4F1BCEB91E003C57D7 /* Project object */;
}
